// !$*UTF8*$!
{
	archiveVersion = 1;
	classes = {
	};
	objectVersion = 55;
	objects = {

/* Begin PBXBuildFile section */
		82B4F19D286D388E009CF53B /* EducationQuizViewController.swift in Sources */ = {isa = PBXBuildFile; fileRef = 82B4F19C286D388D009CF53B /* EducationQuizViewController.swift */; };
		BD374613286B86C500D3B2F4 /* AppDelegate.swift in Sources */ = {isa = PBXBuildFile; fileRef = BD374612286B86C500D3B2F4 /* AppDelegate.swift */; };
		BD374615286B86C500D3B2F4 /* SceneDelegate.swift in Sources */ = {isa = PBXBuildFile; fileRef = BD374614286B86C500D3B2F4 /* SceneDelegate.swift */; };
		BD374617286B86C500D3B2F4 /* ViewController.swift in Sources */ = {isa = PBXBuildFile; fileRef = BD374616286B86C500D3B2F4 /* ViewController.swift */; };
		BD37461A286B86C500D3B2F4 /* Main.storyboard in Resources */ = {isa = PBXBuildFile; fileRef = BD374618286B86C500D3B2F4 /* Main.storyboard */; };
		BD37461C286B86C600D3B2F4 /* Assets.xcassets in Resources */ = {isa = PBXBuildFile; fileRef = BD37461B286B86C600D3B2F4 /* Assets.xcassets */; };
		BD37461F286B86C600D3B2F4 /* LaunchScreen.storyboard in Resources */ = {isa = PBXBuildFile; fileRef = BD37461D286B86C600D3B2F4 /* LaunchScreen.storyboard */; };
		BD37462A286B86C600D3B2F4 /* WomanWorldTests.swift in Sources */ = {isa = PBXBuildFile; fileRef = BD374629286B86C600D3B2F4 /* WomanWorldTests.swift */; };
		BD374634286B86C600D3B2F4 /* WomanWorldUITests.swift in Sources */ = {isa = PBXBuildFile; fileRef = BD374633286B86C600D3B2F4 /* WomanWorldUITests.swift */; };
		BD374636286B86C600D3B2F4 /* WomanWorldUITestsLaunchTests.swift in Sources */ = {isa = PBXBuildFile; fileRef = BD374635286B86C600D3B2F4 /* WomanWorldUITestsLaunchTests.swift */; };
		BD3C325F286E0642007F4EAF /* EnvironmentQuizViewController.swift in Sources */ = {isa = PBXBuildFile; fileRef = BD3C325E286E0642007F4EAF /* EnvironmentQuizViewController.swift */; };
		BD46AC01286CCA4200E0E5C8 /* AutoChangeScript.swift in Sources */ = {isa = PBXBuildFile; fileRef = BD46AC00286CCA4200E0E5C8 /* AutoChangeScript.swift */; };
/* End PBXBuildFile section */

/* Begin PBXContainerItemProxy section */
		BD374626286B86C600D3B2F4 /* PBXContainerItemProxy */ = {
			isa = PBXContainerItemProxy;
			containerPortal = BD374607286B86C500D3B2F4 /* Project object */;
			proxyType = 1;
			remoteGlobalIDString = BD37460E286B86C500D3B2F4;
			remoteInfo = WomanWorld;
		};
		BD374630286B86C600D3B2F4 /* PBXContainerItemProxy */ = {
			isa = PBXContainerItemProxy;
			containerPortal = BD374607286B86C500D3B2F4 /* Project object */;
			proxyType = 1;
			remoteGlobalIDString = BD37460E286B86C500D3B2F4;
			remoteInfo = WomanWorld;
		};
/* End PBXContainerItemProxy section */

/* Begin PBXFileReference section */
		82B4F19C286D388D009CF53B /* EducationQuizViewController.swift */ = {isa = PBXFileReference; lastKnownFileType = sourcecode.swift; path = EducationQuizViewController.swift; sourceTree = "<group>"; };
		BD37460F286B86C500D3B2F4 /* WomanWorld.app */ = {isa = PBXFileReference; explicitFileType = wrapper.application; includeInIndex = 0; path = WomanWorld.app; sourceTree = BUILT_PRODUCTS_DIR; };
		BD374612286B86C500D3B2F4 /* AppDelegate.swift */ = {isa = PBXFileReference; lastKnownFileType = sourcecode.swift; path = AppDelegate.swift; sourceTree = "<group>"; };
		BD374614286B86C500D3B2F4 /* SceneDelegate.swift */ = {isa = PBXFileReference; lastKnownFileType = sourcecode.swift; path = SceneDelegate.swift; sourceTree = "<group>"; };
		BD374616286B86C500D3B2F4 /* ViewController.swift */ = {isa = PBXFileReference; lastKnownFileType = sourcecode.swift; path = ViewController.swift; sourceTree = "<group>"; };
		BD374619286B86C500D3B2F4 /* Base */ = {isa = PBXFileReference; lastKnownFileType = file.storyboard; name = Base; path = Base.lproj/Main.storyboard; sourceTree = "<group>"; };
		BD37461B286B86C600D3B2F4 /* Assets.xcassets */ = {isa = PBXFileReference; lastKnownFileType = folder.assetcatalog; path = Assets.xcassets; sourceTree = "<group>"; };
		BD37461E286B86C600D3B2F4 /* Base */ = {isa = PBXFileReference; lastKnownFileType = file.storyboard; name = Base; path = Base.lproj/LaunchScreen.storyboard; sourceTree = "<group>"; };
		BD374620286B86C600D3B2F4 /* Info.plist */ = {isa = PBXFileReference; lastKnownFileType = text.plist.xml; path = Info.plist; sourceTree = "<group>"; };
		BD374625286B86C600D3B2F4 /* WomanWorldTests.xctest */ = {isa = PBXFileReference; explicitFileType = wrapper.cfbundle; includeInIndex = 0; path = WomanWorldTests.xctest; sourceTree = BUILT_PRODUCTS_DIR; };
		BD374629286B86C600D3B2F4 /* WomanWorldTests.swift */ = {isa = PBXFileReference; lastKnownFileType = sourcecode.swift; path = WomanWorldTests.swift; sourceTree = "<group>"; };
		BD37462F286B86C600D3B2F4 /* WomanWorldUITests.xctest */ = {isa = PBXFileReference; explicitFileType = wrapper.cfbundle; includeInIndex = 0; path = WomanWorldUITests.xctest; sourceTree = BUILT_PRODUCTS_DIR; };
		BD374633286B86C600D3B2F4 /* WomanWorldUITests.swift */ = {isa = PBXFileReference; lastKnownFileType = sourcecode.swift; path = WomanWorldUITests.swift; sourceTree = "<group>"; };
		BD374635286B86C600D3B2F4 /* WomanWorldUITestsLaunchTests.swift */ = {isa = PBXFileReference; lastKnownFileType = sourcecode.swift; path = WomanWorldUITestsLaunchTests.swift; sourceTree = "<group>"; };
		BD3C325E286E0642007F4EAF /* EnvironmentQuizViewController.swift */ = {isa = PBXFileReference; lastKnownFileType = sourcecode.swift; path = EnvironmentQuizViewController.swift; sourceTree = "<group>"; };
		BD46AC00286CCA4200E0E5C8 /* AutoChangeScript.swift */ = {isa = PBXFileReference; lastKnownFileType = sourcecode.swift; path = AutoChangeScript.swift; sourceTree = "<group>"; };
/* End PBXFileReference section */

/* Begin PBXFrameworksBuildPhase section */
		BD37460C286B86C500D3B2F4 /* Frameworks */ = {
			isa = PBXFrameworksBuildPhase;
			buildActionMask = 2147483647;
			files = (
			);
			runOnlyForDeploymentPostprocessing = 0;
		};
		BD374622286B86C600D3B2F4 /* Frameworks */ = {
			isa = PBXFrameworksBuildPhase;
			buildActionMask = 2147483647;
			files = (
			);
			runOnlyForDeploymentPostprocessing = 0;
		};
		BD37462C286B86C600D3B2F4 /* Frameworks */ = {
			isa = PBXFrameworksBuildPhase;
			buildActionMask = 2147483647;
			files = (
			);
			runOnlyForDeploymentPostprocessing = 0;
		};
/* End PBXFrameworksBuildPhase section */

/* Begin PBXGroup section */
		BD374606286B86C500D3B2F4 = {
			isa = PBXGroup;
			children = (
				BD374611286B86C500D3B2F4 /* WomanWorld */,
				BD374628286B86C600D3B2F4 /* WomanWorldTests */,
				BD374632286B86C600D3B2F4 /* WomanWorldUITests */,
				BD374610286B86C500D3B2F4 /* Products */,
			);
			sourceTree = "<group>";
		};
		BD374610286B86C500D3B2F4 /* Products */ = {
			isa = PBXGroup;
			children = (
				BD37460F286B86C500D3B2F4 /* WomanWorld.app */,
				BD374625286B86C600D3B2F4 /* WomanWorldTests.xctest */,
				BD37462F286B86C600D3B2F4 /* WomanWorldUITests.xctest */,
			);
			name = Products;
			sourceTree = "<group>";
		};
		BD374611286B86C500D3B2F4 /* WomanWorld */ = {
			isa = PBXGroup;
			children = (
				BD3C325E286E0642007F4EAF /* EnvironmentQuizViewController.swift */,
				BD374612286B86C500D3B2F4 /* AppDelegate.swift */,
				BD374614286B86C500D3B2F4 /* SceneDelegate.swift */,
				BD374616286B86C500D3B2F4 /* ViewController.swift */,
				BD374618286B86C500D3B2F4 /* Main.storyboard */,
				82B4F19C286D388D009CF53B /* EducationQuizViewController.swift */,
				BD46AC00286CCA4200E0E5C8 /* AutoChangeScript.swift */,
				BD37461B286B86C600D3B2F4 /* Assets.xcassets */,
				BD37461D286B86C600D3B2F4 /* LaunchScreen.storyboard */,
				BD374620286B86C600D3B2F4 /* Info.plist */,
			);
			path = WomanWorld;
			sourceTree = "<group>";
		};
		BD374628286B86C600D3B2F4 /* WomanWorldTests */ = {
			isa = PBXGroup;
			children = (
				BD374629286B86C600D3B2F4 /* WomanWorldTests.swift */,
			);
			path = WomanWorldTests;
			sourceTree = "<group>";
		};
		BD374632286B86C600D3B2F4 /* WomanWorldUITests */ = {
			isa = PBXGroup;
			children = (
				BD374633286B86C600D3B2F4 /* WomanWorldUITests.swift */,
				BD374635286B86C600D3B2F4 /* WomanWorldUITestsLaunchTests.swift */,
			);
			path = WomanWorldUITests;
			sourceTree = "<group>";
		};
/* End PBXGroup section */

/* Begin PBXNativeTarget section */
		BD37460E286B86C500D3B2F4 /* WomanWorld */ = {
			isa = PBXNativeTarget;
			buildConfigurationList = BD374639286B86C600D3B2F4 /* Build configuration list for PBXNativeTarget "WomanWorld" */;
			buildPhases = (
				BD37460B286B86C500D3B2F4 /* Sources */,
				BD37460C286B86C500D3B2F4 /* Frameworks */,
				BD37460D286B86C500D3B2F4 /* Resources */,
			);
			buildRules = (
			);
			dependencies = (
			);
			name = WomanWorld;
			productName = WomanWorld;
			productReference = BD37460F286B86C500D3B2F4 /* WomanWorld.app */;
			productType = "com.apple.product-type.application";
		};
		BD374624286B86C600D3B2F4 /* WomanWorldTests */ = {
			isa = PBXNativeTarget;
			buildConfigurationList = BD37463C286B86C600D3B2F4 /* Build configuration list for PBXNativeTarget "WomanWorldTests" */;
			buildPhases = (
				BD374621286B86C600D3B2F4 /* Sources */,
				BD374622286B86C600D3B2F4 /* Frameworks */,
				BD374623286B86C600D3B2F4 /* Resources */,
			);
			buildRules = (
			);
			dependencies = (
				BD374627286B86C600D3B2F4 /* PBXTargetDependency */,
			);
			name = WomanWorldTests;
			productName = WomanWorldTests;
			productReference = BD374625286B86C600D3B2F4 /* WomanWorldTests.xctest */;
			productType = "com.apple.product-type.bundle.unit-test";
		};
		BD37462E286B86C600D3B2F4 /* WomanWorldUITests */ = {
			isa = PBXNativeTarget;
			buildConfigurationList = BD37463F286B86C600D3B2F4 /* Build configuration list for PBXNativeTarget "WomanWorldUITests" */;
			buildPhases = (
				BD37462B286B86C600D3B2F4 /* Sources */,
				BD37462C286B86C600D3B2F4 /* Frameworks */,
				BD37462D286B86C600D3B2F4 /* Resources */,
			);
			buildRules = (
			);
			dependencies = (
				BD374631286B86C600D3B2F4 /* PBXTargetDependency */,
			);
			name = WomanWorldUITests;
			productName = WomanWorldUITests;
			productReference = BD37462F286B86C600D3B2F4 /* WomanWorldUITests.xctest */;
			productType = "com.apple.product-type.bundle.ui-testing";
		};
/* End PBXNativeTarget section */

/* Begin PBXProject section */
		BD374607286B86C500D3B2F4 /* Project object */ = {
			isa = PBXProject;
			attributes = {
				BuildIndependentTargetsInParallel = 1;
				LastSwiftUpdateCheck = 1340;
				LastUpgradeCheck = 1340;
				TargetAttributes = {
					BD37460E286B86C500D3B2F4 = {
						CreatedOnToolsVersion = 13.4.1;
					};
					BD374624286B86C600D3B2F4 = {
						CreatedOnToolsVersion = 13.4.1;
						TestTargetID = BD37460E286B86C500D3B2F4;
					};
					BD37462E286B86C600D3B2F4 = {
						CreatedOnToolsVersion = 13.4.1;
						TestTargetID = BD37460E286B86C500D3B2F4;
					};
				};
			};
			buildConfigurationList = BD37460A286B86C500D3B2F4 /* Build configuration list for PBXProject "WomanWorld" */;
			compatibilityVersion = "Xcode 13.0";
			developmentRegion = en;
			hasScannedForEncodings = 0;
			knownRegions = (
				en,
				Base,
			);
			mainGroup = BD374606286B86C500D3B2F4;
			productRefGroup = BD374610286B86C500D3B2F4 /* Products */;
			projectDirPath = "";
			projectRoot = "";
			targets = (
				BD37460E286B86C500D3B2F4 /* WomanWorld */,
				BD374624286B86C600D3B2F4 /* WomanWorldTests */,
				BD37462E286B86C600D3B2F4 /* WomanWorldUITests */,
			);
		};
/* End PBXProject section */

/* Begin PBXResourcesBuildPhase section */
		BD37460D286B86C500D3B2F4 /* Resources */ = {
			isa = PBXResourcesBuildPhase;
			buildActionMask = 2147483647;
			files = (
				BD37461F286B86C600D3B2F4 /* LaunchScreen.storyboard in Resources */,
				BD37461C286B86C600D3B2F4 /* Assets.xcassets in Resources */,
				BD37461A286B86C500D3B2F4 /* Main.storyboard in Resources */,
			);
			runOnlyForDeploymentPostprocessing = 0;
		};
		BD374623286B86C600D3B2F4 /* Resources */ = {
			isa = PBXResourcesBuildPhase;
			buildActionMask = 2147483647;
			files = (
			);
			runOnlyForDeploymentPostprocessing = 0;
		};
		BD37462D286B86C600D3B2F4 /* Resources */ = {
			isa = PBXResourcesBuildPhase;
			buildActionMask = 2147483647;
			files = (
			);
			runOnlyForDeploymentPostprocessing = 0;
		};
/* End PBXResourcesBuildPhase section */

/* Begin PBXSourcesBuildPhase section */
		BD37460B286B86C500D3B2F4 /* Sources */ = {
			isa = PBXSourcesBuildPhase;
			buildActionMask = 2147483647;
			files = (
				BD374617286B86C500D3B2F4 /* ViewController.swift in Sources */,
				82B4F19D286D388E009CF53B /* EducationQuizViewController.swift in Sources */,
				BD46AC01286CCA4200E0E5C8 /* AutoChangeScript.swift in Sources */,
				BD374613286B86C500D3B2F4 /* AppDelegate.swift in Sources */,
				BD374615286B86C500D3B2F4 /* SceneDelegate.swift in Sources */,
				BD3C325F286E0642007F4EAF /* EnvironmentQuizViewController.swift in Sources */,
			);
			runOnlyForDeploymentPostprocessing = 0;
		};
		BD374621286B86C600D3B2F4 /* Sources */ = {
			isa = PBXSourcesBuildPhase;
			buildActionMask = 2147483647;
			files = (
				BD37462A286B86C600D3B2F4 /* WomanWorldTests.swift in Sources */,
			);
			runOnlyForDeploymentPostprocessing = 0;
		};
		BD37462B286B86C600D3B2F4 /* Sources */ = {
			isa = PBXSourcesBuildPhase;
			buildActionMask = 2147483647;
			files = (
				BD374636286B86C600D3B2F4 /* WomanWorldUITestsLaunchTests.swift in Sources */,
				BD374634286B86C600D3B2F4 /* WomanWorldUITests.swift in Sources */,
			);
			runOnlyForDeploymentPostprocessing = 0;
		};
/* End PBXSourcesBuildPhase section */

/* Begin PBXTargetDependency section */
		BD374627286B86C600D3B2F4 /* PBXTargetDependency */ = {
			isa = PBXTargetDependency;
			target = BD37460E286B86C500D3B2F4 /* WomanWorld */;
			targetProxy = BD374626286B86C600D3B2F4 /* PBXContainerItemProxy */;
		};
		BD374631286B86C600D3B2F4 /* PBXTargetDependency */ = {
			isa = PBXTargetDependency;
			target = BD37460E286B86C500D3B2F4 /* WomanWorld */;
			targetProxy = BD374630286B86C600D3B2F4 /* PBXContainerItemProxy */;
		};
/* End PBXTargetDependency section */

/* Begin PBXVariantGroup section */
		BD374618286B86C500D3B2F4 /* Main.storyboard */ = {
			isa = PBXVariantGroup;
			children = (
				BD374619286B86C500D3B2F4 /* Base */,
			);
			name = Main.storyboard;
			sourceTree = "<group>";
		};
		BD37461D286B86C600D3B2F4 /* LaunchScreen.storyboard */ = {
			isa = PBXVariantGroup;
			children = (
				BD37461E286B86C600D3B2F4 /* Base */,
			);
			name = LaunchScreen.storyboard;
			sourceTree = "<group>";
		};
/* End PBXVariantGroup section */

/* Begin XCBuildConfiguration section */
		BD374637286B86C600D3B2F4 /* Debug */ = {
			isa = XCBuildConfiguration;
			buildSettings = {
				ALWAYS_SEARCH_USER_PATHS = NO;
				CLANG_ANALYZER_NONNULL = YES;
				CLANG_ANALYZER_NUMBER_OBJECT_CONVERSION = YES_AGGRESSIVE;
				CLANG_CXX_LANGUAGE_STANDARD = "gnu++17";
				CLANG_ENABLE_MODULES = YES;
				CLANG_ENABLE_OBJC_ARC = YES;
				CLANG_ENABLE_OBJC_WEAK = YES;
				CLANG_WARN_BLOCK_CAPTURE_AUTORELEASING = YES;
				CLANG_WARN_BOOL_CONVERSION = YES;
				CLANG_WARN_COMMA = YES;
				CLANG_WARN_CONSTANT_CONVERSION = YES;
				CLANG_WARN_DEPRECATED_OBJC_IMPLEMENTATIONS = YES;
				CLANG_WARN_DIRECT_OBJC_ISA_USAGE = YES_ERROR;
				CLANG_WARN_DOCUMENTATION_COMMENTS = YES;
				CLANG_WARN_EMPTY_BODY = YES;
				CLANG_WARN_ENUM_CONVERSION = YES;
				CLANG_WARN_INFINITE_RECURSION = YES;
				CLANG_WARN_INT_CONVERSION = YES;
				CLANG_WARN_NON_LITERAL_NULL_CONVERSION = YES;
				CLANG_WARN_OBJC_IMPLICIT_RETAIN_SELF = YES;
				CLANG_WARN_OBJC_LITERAL_CONVERSION = YES;
				CLANG_WARN_OBJC_ROOT_CLASS = YES_ERROR;
				CLANG_WARN_QUOTED_INCLUDE_IN_FRAMEWORK_HEADER = YES;
				CLANG_WARN_RANGE_LOOP_ANALYSIS = YES;
				CLANG_WARN_STRICT_PROTOTYPES = YES;
				CLANG_WARN_SUSPICIOUS_MOVE = YES;
				CLANG_WARN_UNGUARDED_AVAILABILITY = YES_AGGRESSIVE;
				CLANG_WARN_UNREACHABLE_CODE = YES;
				CLANG_WARN__DUPLICATE_METHOD_MATCH = YES;
				COPY_PHASE_STRIP = NO;
				DEBUG_INFORMATION_FORMAT = dwarf;
				ENABLE_STRICT_OBJC_MSGSEND = YES;
				ENABLE_TESTABILITY = YES;
				GCC_C_LANGUAGE_STANDARD = gnu11;
				GCC_DYNAMIC_NO_PIC = NO;
				GCC_NO_COMMON_BLOCKS = YES;
				GCC_OPTIMIZATION_LEVEL = 0;
				GCC_PREPROCESSOR_DEFINITIONS = (
					"DEBUG=1",
					"$(inherited)",
				);
				GCC_WARN_64_TO_32_BIT_CONVERSION = YES;
				GCC_WARN_ABOUT_RETURN_TYPE = YES_ERROR;
				GCC_WARN_UNDECLARED_SELECTOR = YES;
				GCC_WARN_UNINITIALIZED_AUTOS = YES_AGGRESSIVE;
				GCC_WARN_UNUSED_FUNCTION = YES;
				GCC_WARN_UNUSED_VARIABLE = YES;
				IPHONEOS_DEPLOYMENT_TARGET = 15.5;
				MTL_ENABLE_DEBUG_INFO = INCLUDE_SOURCE;
				MTL_FAST_MATH = YES;
				ONLY_ACTIVE_ARCH = YES;
				SDKROOT = iphoneos;
				SWIFT_ACTIVE_COMPILATION_CONDITIONS = DEBUG;
				SWIFT_OPTIMIZATION_LEVEL = "-Onone";
			};
			name = Debug;
		};
		BD374638286B86C600D3B2F4 /* Release */ = {
			isa = XCBuildConfiguration;
			buildSettings = {
				ALWAYS_SEARCH_USER_PATHS = NO;
				CLANG_ANALYZER_NONNULL = YES;
				CLANG_ANALYZER_NUMBER_OBJECT_CONVERSION = YES_AGGRESSIVE;
				CLANG_CXX_LANGUAGE_STANDARD = "gnu++17";
				CLANG_ENABLE_MODULES = YES;
				CLANG_ENABLE_OBJC_ARC = YES;
				CLANG_ENABLE_OBJC_WEAK = YES;
				CLANG_WARN_BLOCK_CAPTURE_AUTORELEASING = YES;
				CLANG_WARN_BOOL_CONVERSION = YES;
				CLANG_WARN_COMMA = YES;
				CLANG_WARN_CONSTANT_CONVERSION = YES;
				CLANG_WARN_DEPRECATED_OBJC_IMPLEMENTATIONS = YES;
				CLANG_WARN_DIRECT_OBJC_ISA_USAGE = YES_ERROR;
				CLANG_WARN_DOCUMENTATION_COMMENTS = YES;
				CLANG_WARN_EMPTY_BODY = YES;
				CLANG_WARN_ENUM_CONVERSION = YES;
				CLANG_WARN_INFINITE_RECURSION = YES;
				CLANG_WARN_INT_CONVERSION = YES;
				CLANG_WARN_NON_LITERAL_NULL_CONVERSION = YES;
				CLANG_WARN_OBJC_IMPLICIT_RETAIN_SELF = YES;
				CLANG_WARN_OBJC_LITERAL_CONVERSION = YES;
				CLANG_WARN_OBJC_ROOT_CLASS = YES_ERROR;
				CLANG_WARN_QUOTED_INCLUDE_IN_FRAMEWORK_HEADER = YES;
				CLANG_WARN_RANGE_LOOP_ANALYSIS = YES;
				CLANG_WARN_STRICT_PROTOTYPES = YES;
				CLANG_WARN_SUSPICIOUS_MOVE = YES;
				CLANG_WARN_UNGUARDED_AVAILABILITY = YES_AGGRESSIVE;
				CLANG_WARN_UNREACHABLE_CODE = YES;
				CLANG_WARN__DUPLICATE_METHOD_MATCH = YES;
				COPY_PHASE_STRIP = NO;
				DEBUG_INFORMATION_FORMAT = "dwarf-with-dsym";
				ENABLE_NS_ASSERTIONS = NO;
				ENABLE_STRICT_OBJC_MSGSEND = YES;
				GCC_C_LANGUAGE_STANDARD = gnu11;
				GCC_NO_COMMON_BLOCKS = YES;
				GCC_WARN_64_TO_32_BIT_CONVERSION = YES;
				GCC_WARN_ABOUT_RETURN_TYPE = YES_ERROR;
				GCC_WARN_UNDECLARED_SELECTOR = YES;
				GCC_WARN_UNINITIALIZED_AUTOS = YES_AGGRESSIVE;
				GCC_WARN_UNUSED_FUNCTION = YES;
				GCC_WARN_UNUSED_VARIABLE = YES;
				IPHONEOS_DEPLOYMENT_TARGET = 15.5;
				MTL_ENABLE_DEBUG_INFO = NO;
				MTL_FAST_MATH = YES;
				SDKROOT = iphoneos;
				SWIFT_COMPILATION_MODE = wholemodule;
				SWIFT_OPTIMIZATION_LEVEL = "-O";
				VALIDATE_PRODUCT = YES;
			};
			name = Release;
		};
		BD37463A286B86C600D3B2F4 /* Debug */ = {
			isa = XCBuildConfiguration;
			buildSettings = {
				ASSETCATALOG_COMPILER_APPICON_NAME = AppIcon;
				ASSETCATALOG_COMPILER_GLOBAL_ACCENT_COLOR_NAME = AccentColor;
				CODE_SIGN_STYLE = Automatic;
				CURRENT_PROJECT_VERSION = 1;
				DEVELOPMENT_TEAM = UWH63VJYU9;
				GENERATE_INFOPLIST_FILE = YES;
				INFOPLIST_FILE = WomanWorld/Info.plist;
				INFOPLIST_KEY_UIApplicationSupportsIndirectInputEvents = YES;
				INFOPLIST_KEY_UILaunchStoryboardName = LaunchScreen;
				INFOPLIST_KEY_UIMainStoryboardFile = Main;
				INFOPLIST_KEY_UISupportedInterfaceOrientations_iPad = "UIInterfaceOrientationPortrait UIInterfaceOrientationPortraitUpsideDown UIInterfaceOrientationLandscapeLeft UIInterfaceOrientationLandscapeRight";
				INFOPLIST_KEY_UISupportedInterfaceOrientations_iPhone = "UIInterfaceOrientationPortrait UIInterfaceOrientationLandscapeLeft UIInterfaceOrientationLandscapeRight";
				LD_RUNPATH_SEARCH_PATHS = (
					"$(inherited)",
					"@executable_path/Frameworks",
				);
				MARKETING_VERSION = 1.0;
				PRODUCT_BUNDLE_IDENTIFIER = KWK.WomanWorld;
				PRODUCT_NAME = "$(TARGET_NAME)";
				SWIFT_EMIT_LOC_STRINGS = YES;
				SWIFT_VERSION = 5.0;
				TARGETED_DEVICE_FAMILY = "1,2";
			};
			name = Debug;
		};
		BD37463B286B86C600D3B2F4 /* Release */ = {
			isa = XCBuildConfiguration;
			buildSettings = {
				ASSETCATALOG_COMPILER_APPICON_NAME = AppIcon;
				ASSETCATALOG_COMPILER_GLOBAL_ACCENT_COLOR_NAME = AccentColor;
				CODE_SIGN_STYLE = Automatic;
				CURRENT_PROJECT_VERSION = 1;
				DEVELOPMENT_TEAM = UWH63VJYU9;
				GENERATE_INFOPLIST_FILE = YES;
				INFOPLIST_FILE = WomanWorld/Info.plist;
				INFOPLIST_KEY_UIApplicationSupportsIndirectInputEvents = YES;
				INFOPLIST_KEY_UILaunchStoryboardName = LaunchScreen;
				INFOPLIST_KEY_UIMainStoryboardFile = Main;
				INFOPLIST_KEY_UISupportedInterfaceOrientations_iPad = "UIInterfaceOrientationPortrait UIInterfaceOrientationPortraitUpsideDown UIInterfaceOrientationLandscapeLeft UIInterfaceOrientationLandscapeRight";
				INFOPLIST_KEY_UISupportedInterfaceOrientations_iPhone = "UIInterfaceOrientationPortrait UIInterfaceOrientationLandscapeLeft UIInterfaceOrientationLandscapeRight";
				LD_RUNPATH_SEARCH_PATHS = (
					"$(inherited)",
					"@executable_path/Frameworks",
				);
				MARKETING_VERSION = 1.0;
				PRODUCT_BUNDLE_IDENTIFIER = KWK.WomanWorld;
				PRODUCT_NAME = "$(TARGET_NAME)";
				SWIFT_EMIT_LOC_STRINGS = YES;
				SWIFT_VERSION = 5.0;
				TARGETED_DEVICE_FAMILY = "1,2";
			};
			name = Release;
		};
		BD37463D286B86C600D3B2F4 /* Debug */ = {
			isa = XCBuildConfiguration;
			buildSettings = {
				ALWAYS_EMBED_SWIFT_STANDARD_LIBRARIES = YES;
				BUNDLE_LOADER = "$(TEST_HOST)";
				CODE_SIGN_STYLE = Automatic;
				CURRENT_PROJECT_VERSION = 1;
				GENERATE_INFOPLIST_FILE = YES;
				IPHONEOS_DEPLOYMENT_TARGET = 15.5;
				MARKETING_VERSION = 1.0;
				PRODUCT_BUNDLE_IDENTIFIER = KWK.WomanWorldTests;
				PRODUCT_NAME = "$(TARGET_NAME)";
				SWIFT_EMIT_LOC_STRINGS = NO;
				SWIFT_VERSION = 5.0;
				TARGETED_DEVICE_FAMILY = "1,2";
				TEST_HOST = "$(BUILT_PRODUCTS_DIR)/WomanWorld.app/WomanWorld";
			};
			name = Debug;
		};
		BD37463E286B86C600D3B2F4 /* Release */ = {
			isa = XCBuildConfiguration;
			buildSettings = {
				ALWAYS_EMBED_SWIFT_STANDARD_LIBRARIES = YES;
				BUNDLE_LOADER = "$(TEST_HOST)";
				CODE_SIGN_STYLE = Automatic;
				CURRENT_PROJECT_VERSION = 1;
				GENERATE_INFOPLIST_FILE = YES;
				IPHONEOS_DEPLOYMENT_TARGET = 15.5;
				MARKETING_VERSION = 1.0;
				PRODUCT_BUNDLE_IDENTIFIER = KWK.WomanWorldTests;
				PRODUCT_NAME = "$(TARGET_NAME)";
				SWIFT_EMIT_LOC_STRINGS = NO;
				SWIFT_VERSION = 5.0;
				TARGETED_DEVICE_FAMILY = "1,2";
				TEST_HOST = "$(BUILT_PRODUCTS_DIR)/WomanWorld.app/WomanWorld";
			};
			name = Release;
		};
		BD374640286B86C600D3B2F4 /* Debug */ = {
			isa = XCBuildConfiguration;
			buildSettings = {
				ALWAYS_EMBED_SWIFT_STANDARD_LIBRARIES = YES;
				CODE_SIGN_STYLE = Automatic;
				CURRENT_PROJECT_VERSION = 1;
				GENERATE_INFOPLIST_FILE = YES;
				MARKETING_VERSION = 1.0;
				PRODUCT_BUNDLE_IDENTIFIER = KWK.WomanWorldUITests;
				PRODUCT_NAME = "$(TARGET_NAME)";
				SWIFT_EMIT_LOC_STRINGS = NO;
				SWIFT_VERSION = 5.0;
				TARGETED_DEVICE_FAMILY = "1,2";
				TEST_TARGET_NAME = WomanWorld;
			};
			name = Debug;
		};
		BD374641286B86C600D3B2F4 /* Release */ = {
			isa = XCBuildConfiguration;
			buildSettings = {
				ALWAYS_EMBED_SWIFT_STANDARD_LIBRARIES = YES;
				CODE_SIGN_STYLE = Automatic;
				CURRENT_PROJECT_VERSION = 1;
				GENERATE_INFOPLIST_FILE = YES;
				MARKETING_VERSION = 1.0;
				PRODUCT_BUNDLE_IDENTIFIER = KWK.WomanWorldUITests;
				PRODUCT_NAME = "$(TARGET_NAME)";
				SWIFT_EMIT_LOC_STRINGS = NO;
				SWIFT_VERSION = 5.0;
				TARGETED_DEVICE_FAMILY = "1,2";
				TEST_TARGET_NAME = WomanWorld;
			};
			name = Release;
		};
/* End XCBuildConfiguration section */

/* Begin XCConfigurationList section */
		BD37460A286B86C500D3B2F4 /* Build configuration list for PBXProject "WomanWorld" */ = {
			isa = XCConfigurationList;
			buildConfigurations = (
				BD374637286B86C600D3B2F4 /* Debug */,
				BD374638286B86C600D3B2F4 /* Release */,
			);
			defaultConfigurationIsVisible = 0;
			defaultConfigurationName = Release;
		};
		BD374639286B86C600D3B2F4 /* Build configuration list for PBXNativeTarget "WomanWorld" */ = {
			isa = XCConfigurationList;
			buildConfigurations = (
				BD37463A286B86C600D3B2F4 /* Debug */,
				BD37463B286B86C600D3B2F4 /* Release */,
			);
			defaultConfigurationIsVisible = 0;
			defaultConfigurationName = Release;
		};
		BD37463C286B86C600D3B2F4 /* Build configuration list for PBXNativeTarget "WomanWorldTests" */ = {
			isa = XCConfigurationList;
			buildConfigurations = (
				BD37463D286B86C600D3B2F4 /* Debug */,
				BD37463E286B86C600D3B2F4 /* Release */,
			);
			defaultConfigurationIsVisible = 0;
			defaultConfigurationName = Release;
		};
		BD37463F286B86C600D3B2F4 /* Build configuration list for PBXNativeTarget "WomanWorldUITests" */ = {
			isa = XCConfigurationList;
			buildConfigurations = (
				BD374640286B86C600D3B2F4 /* Debug */,
				BD374641286B86C600D3B2F4 /* Release */,
			);
			defaultConfigurationIsVisible = 0;
			defaultConfigurationName = Release;
		};
/* End XCConfigurationList section */
	};
	rootObject = BD374607286B86C500D3B2F4 /* Project object */;
}
